// !$*UTF8*$!
{
	archiveVersion = 1;
	classes = {
	};
	objectVersion = 52;
	objects = {

/* Begin PBXBuildFile section */
		3A040280233E4695000D879A /* Colors.xcassets in Resources */ = {isa = PBXBuildFile; fileRef = 3A04027F233E4695000D879A /* Colors.xcassets */; };
		3A2F5932247EC958001F89BE /* SwiftUIView.swift in Sources */ = {isa = PBXBuildFile; fileRef = 3A2F5931247EC958001F89BE /* SwiftUIView.swift */; };
		3A2F5933247ECEFA001F89BE /* StubbableProtocols.swift in Sources */ = {isa = PBXBuildFile; fileRef = 3A4E8CC922EF12FE002B0FA7 /* StubbableProtocols.swift */; };
		3A2F5936247ECF1B001F89BE /* EventRow.swift in Sources */ = {isa = PBXBuildFile; fileRef = 3A2F5935247ECF1B001F89BE /* EventRow.swift */; };
		3A2F5940247ECF8B001F89BE /* ImageLoader.swift in Sources */ = {isa = PBXBuildFile; fileRef = 3A2F593A247ECF8B001F89BE /* ImageLoader.swift */; };
		3A2F5941247ECF8B001F89BE /* AsyncImage.swift in Sources */ = {isa = PBXBuildFile; fileRef = 3A2F593B247ECF8B001F89BE /* AsyncImage.swift */; };
		3A2F5942247ECF8B001F89BE /* ImageLoaderView.swift in Sources */ = {isa = PBXBuildFile; fileRef = 3A2F593C247ECF8B001F89BE /* ImageLoaderView.swift */; };
		3A2F5944247ED018001F89BE /* EventsStub.swift in Sources */ = {isa = PBXBuildFile; fileRef = 3A4E8CC622EF118A002B0FA7 /* EventsStub.swift */; };
		3A3A50C1248E566100612F86 /* Networking in Frameworks */ = {isa = PBXBuildFile; productRef = 3A3A50C0248E566100612F86 /* Networking */; };
		3A420D8D231EEFDE0066CFBE /* EventDetailServiceStub.swift in Sources */ = {isa = PBXBuildFile; fileRef = 3A4E8CC422EF1072002B0FA7 /* EventDetailServiceStub.swift */; };
		3A420D8E231EEFE40066CFBE /* EventDetailViewModelTests.swift in Sources */ = {isa = PBXBuildFile; fileRef = 3A5EE19822A138D700CAFA52 /* EventDetailViewModelTests.swift */; };
		3A4EA9E92321A219000C4EBA /* Nimble.framework in Frameworks */ = {isa = PBXBuildFile; fileRef = 3A4EA9E423217702000C4EBA /* Nimble.framework */; };
		3A4EA9EA2321A219000C4EBA /* Quick.framework in Frameworks */ = {isa = PBXBuildFile; fileRef = 3A4EA9E523217702000C4EBA /* Quick.framework */; };
		3A4EA9EB2321A28F000C4EBA /* EventDetailViewControllerTests.swift in Sources */ = {isa = PBXBuildFile; fileRef = 3A5EE19A22A13C3B00CAFA52 /* EventDetailViewControllerTests.swift */; };
		3A4EA9EC2321A291000C4EBA /* EventDetailViewControllerMirror.swift in Sources */ = {isa = PBXBuildFile; fileRef = 3A4E8CCB22EF1B63002B0FA7 /* EventDetailViewControllerMirror.swift */; };
		3A53DE53230C13A20002DD68 /* Kingfisher.framework in Frameworks */ = {isa = PBXBuildFile; fileRef = 3A53DE52230C13A20002DD68 /* Kingfisher.framework */; };
		3A5EE0D7229EF7ED00CAFA52 /* AppDelegate.swift in Sources */ = {isa = PBXBuildFile; fileRef = 3A5EE0D6229EF7ED00CAFA52 /* AppDelegate.swift */; };
		3A5EE0DE229EF7EE00CAFA52 /* Assets.xcassets in Resources */ = {isa = PBXBuildFile; fileRef = 3A5EE0DD229EF7EE00CAFA52 /* Assets.xcassets */; };
		3A5EE10B229F0BD100CAFA52 /* CoordinatorProtocols.swift in Sources */ = {isa = PBXBuildFile; fileRef = 3A5EE10A229F0BD100CAFA52 /* CoordinatorProtocols.swift */; };
		3A5EE123229F121300CAFA52 /* AppCoordinator.swift in Sources */ = {isa = PBXBuildFile; fileRef = 3A5EE122229F121300CAFA52 /* AppCoordinator.swift */; };
		3A5EE13E229F140600CAFA52 /* Bindable.swift in Sources */ = {isa = PBXBuildFile; fileRef = 3A5EE13D229F140600CAFA52 /* Bindable.swift */; };
		3A5EE14A229F15FB00CAFA52 /* HomeCoordinator.swift in Sources */ = {isa = PBXBuildFile; fileRef = 3A5EE144229F15FB00CAFA52 /* HomeCoordinator.swift */; };
		3A5EE14B229F15FB00CAFA52 /* Event.swift in Sources */ = {isa = PBXBuildFile; fileRef = 3A5EE145229F15FB00CAFA52 /* Event.swift */; };
		3A5EE14E229F15FB00CAFA52 /* HomeViewModel.swift in Sources */ = {isa = PBXBuildFile; fileRef = 3A5EE148229F15FB00CAFA52 /* HomeViewModel.swift */; };
		3A5EE15D229F1A1D00CAFA52 /* HomeTableViewCell.swift in Sources */ = {isa = PBXBuildFile; fileRef = 3A5EE15B229F1A1D00CAFA52 /* HomeTableViewCell.swift */; };
		3A5EE15E229F1A1D00CAFA52 /* HomeTableViewCell.xib in Resources */ = {isa = PBXBuildFile; fileRef = 3A5EE15C229F1A1D00CAFA52 /* HomeTableViewCell.xib */; };
		3A5EE160229F1A3300CAFA52 /* HomeCellViewModel.swift in Sources */ = {isa = PBXBuildFile; fileRef = 3A5EE15F229F1A3300CAFA52 /* HomeCellViewModel.swift */; };
		3A5EE16C229FE70500CAFA52 /* DateFormatter+Extension.swift in Sources */ = {isa = PBXBuildFile; fileRef = 3A5EE16B229FE70500CAFA52 /* DateFormatter+Extension.swift */; };
		3A5EE16F229FE73700CAFA52 /* DateFormatterTests.swift in Sources */ = {isa = PBXBuildFile; fileRef = 3A5EE16E229FE73700CAFA52 /* DateFormatterTests.swift */; };
		3A5EE17422A0844D00CAFA52 /* HomeTableViewController.swift in Sources */ = {isa = PBXBuildFile; fileRef = 3A5EE17222A0844D00CAFA52 /* HomeTableViewController.swift */; };
		3A5EE17522A0844D00CAFA52 /* HomeTableViewController.xib in Resources */ = {isa = PBXBuildFile; fileRef = 3A5EE17322A0844D00CAFA52 /* HomeTableViewController.xib */; };
		3A5EE17E22A09A7B00CAFA52 /* EventDetailObject.swift in Sources */ = {isa = PBXBuildFile; fileRef = 3A5EE17922A09A7B00CAFA52 /* EventDetailObject.swift */; };
		3A5EE18122A09A7B00CAFA52 /* EventDetailViewModel.swift in Sources */ = {isa = PBXBuildFile; fileRef = 3A5EE17C22A09A7B00CAFA52 /* EventDetailViewModel.swift */; };
		3A5EE18522A09AA000CAFA52 /* EventDetailViewController.swift in Sources */ = {isa = PBXBuildFile; fileRef = 3A5EE18322A09AA000CAFA52 /* EventDetailViewController.swift */; };
		3A5EE18622A09AA000CAFA52 /* EventDetailViewController.xib in Resources */ = {isa = PBXBuildFile; fileRef = 3A5EE18422A09AA000CAFA52 /* EventDetailViewController.xib */; };
		3A5EE18B22A0B63500CAFA52 /* Encodable+Extension.swift in Sources */ = {isa = PBXBuildFile; fileRef = 3A5EE18A22A0B63500CAFA52 /* Encodable+Extension.swift */; };
		3A5EE19122A1268400CAFA52 /* EncodableTests.swift in Sources */ = {isa = PBXBuildFile; fileRef = 3A5EE19022A1268400CAFA52 /* EncodableTests.swift */; };
		3A5EE19522A1291C00CAFA52 /* UIViewController+Extension.swift in Sources */ = {isa = PBXBuildFile; fileRef = 3A5EE19422A1291C00CAFA52 /* UIViewController+Extension.swift */; };
		3A5EE19722A1296D00CAFA52 /* UIViewControllerTests.swift in Sources */ = {isa = PBXBuildFile; fileRef = 3A5EE19622A1296D00CAFA52 /* UIViewControllerTests.swift */; };
		3A9CDA7A22FC5BA900232D24 /* Sequence+Extension.swift in Sources */ = {isa = PBXBuildFile; fileRef = 3A9CDA7922FC5BA900232D24 /* Sequence+Extension.swift */; };
		3A9ECBF92443766000F0DE50 /* HomeCellViewModelTests.swift in Sources */ = {isa = PBXBuildFile; fileRef = 3A5EE17622A092A500CAFA52 /* HomeCellViewModelTests.swift */; };
		3A9ECBFA2443766000F0DE50 /* HomeServiceStub.swift in Sources */ = {isa = PBXBuildFile; fileRef = 3A3E6C0F22EF34700010CCD2 /* HomeServiceStub.swift */; };
		3AA657CF22EB8E5700A55A82 /* MirrorObject.swift in Sources */ = {isa = PBXBuildFile; fileRef = 3AA657CE22EB8E5700A55A82 /* MirrorObject.swift */; };
		3AD284E523017D8400ABC801 /* Identifier.swift in Sources */ = {isa = PBXBuildFile; fileRef = 3AD284E423017D8400ABC801 /* Identifier.swift */; };
		3AF2397D230DB1B10008F876 /* README.md in Resources */ = {isa = PBXBuildFile; fileRef = 3AF23979230DB1B10008F876 /* README.md */; };
		3AF2397E230DB1B10008F876 /* Cartfile in Resources */ = {isa = PBXBuildFile; fileRef = 3AF2397A230DB1B10008F876 /* Cartfile */; };
		3AF2397F230DB1B10008F876 /* .travis.yml in Resources */ = {isa = PBXBuildFile; fileRef = 3AF2397B230DB1B10008F876 /* .travis.yml */; };
		3AF23980230DB1B10008F876 /* .swiftlint.yml in Resources */ = {isa = PBXBuildFile; fileRef = 3AF2397C230DB1B10008F876 /* .swiftlint.yml */; };
		3AF239CE230DBC5A0008F876 /* Environment.swift in Sources */ = {isa = PBXBuildFile; fileRef = 3A5EE103229F045D00CAFA52 /* Environment.swift */; };
		3AF239CF230DBC5A0008F876 /* Localized.swift in Sources */ = {isa = PBXBuildFile; fileRef = 3A5EE111229F0D3E00CAFA52 /* Localized.swift */; };
		3AF6347D243F94C9000A48EE /* EventsEndpoint.swift in Sources */ = {isa = PBXBuildFile; fileRef = 3AF6347C243F94C9000A48EE /* EventsEndpoint.swift */; };
		3AF6347F243F94D6000A48EE /* CheckInEndpoint.swift in Sources */ = {isa = PBXBuildFile; fileRef = 3AF6347E243F94D6000A48EE /* CheckInEndpoint.swift */; };
		3AF63481243FB0EA000A48EE /* Localizable.strings in Resources */ = {isa = PBXBuildFile; fileRef = 3AF63483243FB0EA000A48EE /* Localizable.strings */; };
		3AF63486243FBBF3000A48EE /* TableViewModelDataSource.swift in Sources */ = {isa = PBXBuildFile; fileRef = 3AF63484243FBBF3000A48EE /* TableViewModelDataSource.swift */; };
/* End PBXBuildFile section */

/* Begin PBXContainerItemProxy section */
		3A5EE0E8229EF7EE00CAFA52 /* PBXContainerItemProxy */ = {
			isa = PBXContainerItemProxy;
			containerPortal = 3A5EE0CB229EF7ED00CAFA52 /* Project object */;
			proxyType = 1;
			remoteGlobalIDString = 3A5EE0D2229EF7ED00CAFA52;
			remoteInfo = WoopEvents;
		};
/* End PBXContainerItemProxy section */

/* Begin PBXCopyFilesBuildPhase section */
		3A53DDE4230B109C0002DD68 /* Embed Frameworks */ = {
			isa = PBXCopyFilesBuildPhase;
			buildActionMask = 2147483647;
			dstPath = "";
			dstSubfolderSpec = 10;
			files = (
			);
			name = "Embed Frameworks";
			runOnlyForDeploymentPostprocessing = 0;
		};
/* End PBXCopyFilesBuildPhase section */

/* Begin PBXFileReference section */
		3A00A81723509AC0002A97FC /* .travis.yml */ = {isa = PBXFileReference; fileEncoding = 4; lastKnownFileType = text.yaml; path = .travis.yml; sourceTree = SOURCE_ROOT; };
		3A04027F233E4695000D879A /* Colors.xcassets */ = {isa = PBXFileReference; lastKnownFileType = folder.assetcatalog; path = Colors.xcassets; sourceTree = "<group>"; };
		3A2F5931247EC958001F89BE /* SwiftUIView.swift */ = {isa = PBXFileReference; lastKnownFileType = sourcecode.swift; path = SwiftUIView.swift; sourceTree = "<group>"; };
		3A2F5935247ECF1B001F89BE /* EventRow.swift */ = {isa = PBXFileReference; fileEncoding = 4; lastKnownFileType = sourcecode.swift; path = EventRow.swift; sourceTree = "<group>"; };
		3A2F593A247ECF8B001F89BE /* ImageLoader.swift */ = {isa = PBXFileReference; fileEncoding = 4; lastKnownFileType = sourcecode.swift; path = ImageLoader.swift; sourceTree = "<group>"; };
		3A2F593B247ECF8B001F89BE /* AsyncImage.swift */ = {isa = PBXFileReference; fileEncoding = 4; lastKnownFileType = sourcecode.swift; path = AsyncImage.swift; sourceTree = "<group>"; };
		3A2F593C247ECF8B001F89BE /* ImageLoaderView.swift */ = {isa = PBXFileReference; fileEncoding = 4; lastKnownFileType = sourcecode.swift; path = ImageLoaderView.swift; sourceTree = "<group>"; };
		3A3A50BF248E50BC00612F86 /* Networking */ = {isa = PBXFileReference; lastKnownFileType = folder; name = Networking; path = ../Networking; sourceTree = "<group>"; };
		3A3E6C0F22EF34700010CCD2 /* HomeServiceStub.swift */ = {isa = PBXFileReference; lastKnownFileType = sourcecode.swift; path = HomeServiceStub.swift; sourceTree = "<group>"; };
		3A4E8CC422EF1072002B0FA7 /* EventDetailServiceStub.swift */ = {isa = PBXFileReference; lastKnownFileType = sourcecode.swift; path = EventDetailServiceStub.swift; sourceTree = "<group>"; };
		3A4E8CC622EF118A002B0FA7 /* EventsStub.swift */ = {isa = PBXFileReference; lastKnownFileType = sourcecode.swift; path = EventsStub.swift; sourceTree = "<group>"; };
		3A4E8CC922EF12FE002B0FA7 /* StubbableProtocols.swift */ = {isa = PBXFileReference; lastKnownFileType = sourcecode.swift; path = StubbableProtocols.swift; sourceTree = "<group>"; };
		3A4E8CCB22EF1B63002B0FA7 /* EventDetailViewControllerMirror.swift */ = {isa = PBXFileReference; lastKnownFileType = sourcecode.swift; path = EventDetailViewControllerMirror.swift; sourceTree = "<group>"; };
		3A4EA9E423217702000C4EBA /* Nimble.framework */ = {isa = PBXFileReference; lastKnownFileType = wrapper.framework; name = Nimble.framework; path = Carthage/Build/iOS/Nimble.framework; sourceTree = "<group>"; };
		3A4EA9E523217702000C4EBA /* Quick.framework */ = {isa = PBXFileReference; lastKnownFileType = wrapper.framework; name = Quick.framework; path = Carthage/Build/iOS/Quick.framework; sourceTree = "<group>"; };
		3A53DE52230C13A20002DD68 /* Kingfisher.framework */ = {isa = PBXFileReference; lastKnownFileType = wrapper.framework; name = Kingfisher.framework; path = Carthage/Build/iOS/Kingfisher.framework; sourceTree = "<group>"; };
		3A53DE54230C13B10002DD68 /* Alamofire.framework */ = {isa = PBXFileReference; lastKnownFileType = wrapper.framework; name = Alamofire.framework; path = Carthage/Build/iOS/Alamofire.framework; sourceTree = "<group>"; };
		3A5EE0D3229EF7ED00CAFA52 /* WoopEvents.app */ = {isa = PBXFileReference; explicitFileType = wrapper.application; includeInIndex = 0; path = WoopEvents.app; sourceTree = BUILT_PRODUCTS_DIR; };
		3A5EE0D6229EF7ED00CAFA52 /* AppDelegate.swift */ = {isa = PBXFileReference; lastKnownFileType = sourcecode.swift; path = AppDelegate.swift; sourceTree = "<group>"; };
		3A5EE0DD229EF7EE00CAFA52 /* Assets.xcassets */ = {isa = PBXFileReference; lastKnownFileType = folder.assetcatalog; path = Assets.xcassets; sourceTree = "<group>"; };
		3A5EE0E2229EF7EE00CAFA52 /* Info.plist */ = {isa = PBXFileReference; lastKnownFileType = text.plist.xml; path = Info.plist; sourceTree = "<group>"; };
		3A5EE0E7229EF7EE00CAFA52 /* WoopEventsTests.xctest */ = {isa = PBXFileReference; explicitFileType = wrapper.cfbundle; includeInIndex = 0; path = WoopEventsTests.xctest; sourceTree = BUILT_PRODUCTS_DIR; };
		3A5EE0ED229EF7EE00CAFA52 /* Info.plist */ = {isa = PBXFileReference; lastKnownFileType = text.plist.xml; path = Info.plist; sourceTree = "<group>"; };
		3A5EE103229F045D00CAFA52 /* Environment.swift */ = {isa = PBXFileReference; lastKnownFileType = sourcecode.swift; path = Environment.swift; sourceTree = "<group>"; };
		3A5EE10A229F0BD100CAFA52 /* CoordinatorProtocols.swift */ = {isa = PBXFileReference; lastKnownFileType = sourcecode.swift; path = CoordinatorProtocols.swift; sourceTree = "<group>"; };
		3A5EE111229F0D3E00CAFA52 /* Localized.swift */ = {isa = PBXFileReference; lastKnownFileType = sourcecode.swift; path = Localized.swift; sourceTree = "<group>"; };
		3A5EE122229F121300CAFA52 /* AppCoordinator.swift */ = {isa = PBXFileReference; lastKnownFileType = sourcecode.swift; path = AppCoordinator.swift; sourceTree = "<group>"; };
		3A5EE13D229F140600CAFA52 /* Bindable.swift */ = {isa = PBXFileReference; lastKnownFileType = sourcecode.swift; path = Bindable.swift; sourceTree = "<group>"; };
		3A5EE144229F15FB00CAFA52 /* HomeCoordinator.swift */ = {isa = PBXFileReference; lastKnownFileType = sourcecode.swift; path = HomeCoordinator.swift; sourceTree = "<group>"; };
		3A5EE145229F15FB00CAFA52 /* Event.swift */ = {isa = PBXFileReference; lastKnownFileType = sourcecode.swift; path = Event.swift; sourceTree = "<group>"; };
		3A5EE148229F15FB00CAFA52 /* HomeViewModel.swift */ = {isa = PBXFileReference; lastKnownFileType = sourcecode.swift; path = HomeViewModel.swift; sourceTree = "<group>"; };
		3A5EE15B229F1A1D00CAFA52 /* HomeTableViewCell.swift */ = {isa = PBXFileReference; lastKnownFileType = sourcecode.swift; path = HomeTableViewCell.swift; sourceTree = "<group>"; };
		3A5EE15C229F1A1D00CAFA52 /* HomeTableViewCell.xib */ = {isa = PBXFileReference; lastKnownFileType = file.xib; path = HomeTableViewCell.xib; sourceTree = "<group>"; };
		3A5EE15F229F1A3300CAFA52 /* HomeCellViewModel.swift */ = {isa = PBXFileReference; lastKnownFileType = sourcecode.swift; path = HomeCellViewModel.swift; sourceTree = "<group>"; };
		3A5EE16B229FE70500CAFA52 /* DateFormatter+Extension.swift */ = {isa = PBXFileReference; lastKnownFileType = sourcecode.swift; path = "DateFormatter+Extension.swift"; sourceTree = "<group>"; };
		3A5EE16E229FE73700CAFA52 /* DateFormatterTests.swift */ = {isa = PBXFileReference; lastKnownFileType = sourcecode.swift; path = DateFormatterTests.swift; sourceTree = "<group>"; };
		3A5EE17222A0844D00CAFA52 /* HomeTableViewController.swift */ = {isa = PBXFileReference; lastKnownFileType = sourcecode.swift; path = HomeTableViewController.swift; sourceTree = "<group>"; };
		3A5EE17322A0844D00CAFA52 /* HomeTableViewController.xib */ = {isa = PBXFileReference; lastKnownFileType = file.xib; path = HomeTableViewController.xib; sourceTree = "<group>"; };
		3A5EE17622A092A500CAFA52 /* HomeCellViewModelTests.swift */ = {isa = PBXFileReference; lastKnownFileType = sourcecode.swift; path = HomeCellViewModelTests.swift; sourceTree = "<group>"; };
		3A5EE17922A09A7B00CAFA52 /* EventDetailObject.swift */ = {isa = PBXFileReference; lastKnownFileType = sourcecode.swift; path = EventDetailObject.swift; sourceTree = "<group>"; };
		3A5EE17C22A09A7B00CAFA52 /* EventDetailViewModel.swift */ = {isa = PBXFileReference; lastKnownFileType = sourcecode.swift; path = EventDetailViewModel.swift; sourceTree = "<group>"; };
		3A5EE18322A09AA000CAFA52 /* EventDetailViewController.swift */ = {isa = PBXFileReference; lastKnownFileType = sourcecode.swift; path = EventDetailViewController.swift; sourceTree = "<group>"; };
		3A5EE18422A09AA000CAFA52 /* EventDetailViewController.xib */ = {isa = PBXFileReference; lastKnownFileType = file.xib; path = EventDetailViewController.xib; sourceTree = "<group>"; };
		3A5EE18A22A0B63500CAFA52 /* Encodable+Extension.swift */ = {isa = PBXFileReference; lastKnownFileType = sourcecode.swift; path = "Encodable+Extension.swift"; sourceTree = "<group>"; };
		3A5EE19022A1268400CAFA52 /* EncodableTests.swift */ = {isa = PBXFileReference; lastKnownFileType = sourcecode.swift; path = EncodableTests.swift; sourceTree = "<group>"; };
		3A5EE19422A1291C00CAFA52 /* UIViewController+Extension.swift */ = {isa = PBXFileReference; lastKnownFileType = sourcecode.swift; path = "UIViewController+Extension.swift"; sourceTree = "<group>"; };
		3A5EE19622A1296D00CAFA52 /* UIViewControllerTests.swift */ = {isa = PBXFileReference; lastKnownFileType = sourcecode.swift; path = UIViewControllerTests.swift; sourceTree = "<group>"; };
		3A5EE19822A138D700CAFA52 /* EventDetailViewModelTests.swift */ = {isa = PBXFileReference; lastKnownFileType = sourcecode.swift; path = EventDetailViewModelTests.swift; sourceTree = "<group>"; };
		3A5EE19A22A13C3B00CAFA52 /* EventDetailViewControllerTests.swift */ = {isa = PBXFileReference; lastKnownFileType = sourcecode.swift; path = EventDetailViewControllerTests.swift; sourceTree = "<group>"; };
		3A9CDA7922FC5BA900232D24 /* Sequence+Extension.swift */ = {isa = PBXFileReference; lastKnownFileType = sourcecode.swift; path = "Sequence+Extension.swift"; sourceTree = "<group>"; };
		3AA657CE22EB8E5700A55A82 /* MirrorObject.swift */ = {isa = PBXFileReference; lastKnownFileType = sourcecode.swift; path = MirrorObject.swift; sourceTree = "<group>"; };
		3AD284E423017D8400ABC801 /* Identifier.swift */ = {isa = PBXFileReference; lastKnownFileType = sourcecode.swift; path = Identifier.swift; sourceTree = "<group>"; };
		3AF23979230DB1B10008F876 /* README.md */ = {isa = PBXFileReference; fileEncoding = 4; lastKnownFileType = net.daringfireball.markdown; path = README.md; sourceTree = SOURCE_ROOT; };
		3AF2397A230DB1B10008F876 /* Cartfile */ = {isa = PBXFileReference; fileEncoding = 4; lastKnownFileType = text; path = Cartfile; sourceTree = SOURCE_ROOT; };
		3AF2397B230DB1B10008F876 /* .travis.yml */ = {isa = PBXFileReference; fileEncoding = 4; lastKnownFileType = text; path = .travis.yml; sourceTree = SOURCE_ROOT; };
		3AF2397C230DB1B10008F876 /* .swiftlint.yml */ = {isa = PBXFileReference; fileEncoding = 4; lastKnownFileType = text; path = .swiftlint.yml; sourceTree = SOURCE_ROOT; };
		3AF6347C243F94C9000A48EE /* EventsEndpoint.swift */ = {isa = PBXFileReference; lastKnownFileType = sourcecode.swift; path = EventsEndpoint.swift; sourceTree = "<group>"; };
		3AF6347E243F94D6000A48EE /* CheckInEndpoint.swift */ = {isa = PBXFileReference; lastKnownFileType = sourcecode.swift; path = CheckInEndpoint.swift; sourceTree = "<group>"; };
		3AF63480243FA309000A48EE /* Development.xcconfig */ = {isa = PBXFileReference; lastKnownFileType = text.xcconfig; path = Development.xcconfig; sourceTree = "<group>"; };
		3AF63482243FB0EA000A48EE /* pt-BR */ = {isa = PBXFileReference; lastKnownFileType = text.plist.strings; name = "pt-BR"; path = "pt-BR.lproj/Localizable.strings"; sourceTree = "<group>"; };
		3AF63484243FBBF3000A48EE /* TableViewModelDataSource.swift */ = {isa = PBXFileReference; fileEncoding = 4; lastKnownFileType = sourcecode.swift; path = TableViewModelDataSource.swift; sourceTree = "<group>"; };
/* End PBXFileReference section */

/* Begin PBXFrameworksBuildPhase section */
		3A5EE0D0229EF7ED00CAFA52 /* Frameworks */ = {
			isa = PBXFrameworksBuildPhase;
			buildActionMask = 2147483647;
			files = (
				3A3A50C1248E566100612F86 /* Networking in Frameworks */,
				3A53DE53230C13A20002DD68 /* Kingfisher.framework in Frameworks */,
			);
			runOnlyForDeploymentPostprocessing = 0;
		};
		3A5EE0E4229EF7EE00CAFA52 /* Frameworks */ = {
			isa = PBXFrameworksBuildPhase;
			buildActionMask = 2147483647;
			files = (
				3A4EA9E92321A219000C4EBA /* Nimble.framework in Frameworks */,
				3A4EA9EA2321A219000C4EBA /* Quick.framework in Frameworks */,
			);
			runOnlyForDeploymentPostprocessing = 0;
		};
/* End PBXFrameworksBuildPhase section */

/* Begin PBXGroup section */
		3A2F5934247ECF0C001F89BE /* SwiftUI */ = {
			isa = PBXGroup;
			children = (
				3A2F5935247ECF1B001F89BE /* EventRow.swift */,
				3A2F5931247EC958001F89BE /* SwiftUIView.swift */,
			);
			path = SwiftUI;
			sourceTree = "<group>";
		};
		3A2F5939247ECF8B001F89BE /* ImageLoader */ = {
			isa = PBXGroup;
			children = (
				3A2F593A247ECF8B001F89BE /* ImageLoader.swift */,
				3A2F593B247ECF8B001F89BE /* AsyncImage.swift */,
				3A2F593C247ECF8B001F89BE /* ImageLoaderView.swift */,
			);
			path = ImageLoader;
			sourceTree = "<group>";
		};
		3A4E8CC822EF12DF002B0FA7 /* Stubbable */ = {
			isa = PBXGroup;
			children = (
				3A4E8CC922EF12FE002B0FA7 /* StubbableProtocols.swift */,
			);
			path = Stubbable;
			sourceTree = "<group>";
		};
		3A5EE0CA229EF7ED00CAFA52 = {
			isa = PBXGroup;
			children = (
				3A5EE0D5229EF7ED00CAFA52 /* WoopEvents */,
				3A5EE0EA229EF7EE00CAFA52 /* WoopEventsTests */,
				3A5EE0D4229EF7ED00CAFA52 /* Products */,
				3A5EE0FC229EFEE200CAFA52 /* Frameworks */,
			);
			sourceTree = "<group>";
		};
		3A5EE0D4229EF7ED00CAFA52 /* Products */ = {
			isa = PBXGroup;
			children = (
				3A5EE0D3229EF7ED00CAFA52 /* WoopEvents.app */,
				3A5EE0E7229EF7EE00CAFA52 /* WoopEventsTests.xctest */,
			);
			name = Products;
			sourceTree = "<group>";
		};
		3A5EE0D5229EF7ED00CAFA52 /* WoopEvents */ = {
			isa = PBXGroup;
			children = (
				3AF23978230DB1990008F876 /* Config */,
				3A5EE121229F0E9400CAFA52 /* Scenes */,
				3A5EE110229F0D2F00CAFA52 /* Extensions */,
				3A5EE109229F0BC200CAFA52 /* Protocols */,
				3A5EE102229F044000CAFA52 /* Utils */,
				3A5EE0FF229F03B100CAFA52 /* Service */,
				3A5EE0D6229EF7ED00CAFA52 /* AppDelegate.swift */,
				3A5EE122229F121300CAFA52 /* AppCoordinator.swift */,
				3A5EE0DD229EF7EE00CAFA52 /* Assets.xcassets */,
				3A5EE0E2229EF7EE00CAFA52 /* Info.plist */,
				3A00A81723509AC0002A97FC /* .travis.yml */,
				3AF63483243FB0EA000A48EE /* Localizable.strings */,
				3A04027F233E4695000D879A /* Colors.xcassets */,
			);
			path = WoopEvents;
			sourceTree = "<group>";
		};
		3A5EE0EA229EF7EE00CAFA52 /* WoopEventsTests */ = {
			isa = PBXGroup;
			children = (
				3A4E8CC822EF12DF002B0FA7 /* Stubbable */,
				3AA657CD22EB8E4800A55A82 /* Mirror */,
				3A5EE16D229FE72600CAFA52 /* Extensions */,
				3A5EE155229F17DC00CAFA52 /* Scenes */,
				3A5EE0ED229EF7EE00CAFA52 /* Info.plist */,
			);
			path = WoopEventsTests;
			sourceTree = "<group>";
		};
		3A5EE0FC229EFEE200CAFA52 /* Frameworks */ = {
			isa = PBXGroup;
			children = (
				3A3A50BF248E50BC00612F86 /* Networking */,
				3A4EA9E423217702000C4EBA /* Nimble.framework */,
				3A4EA9E523217702000C4EBA /* Quick.framework */,
				3A53DE54230C13B10002DD68 /* Alamofire.framework */,
				3A53DE52230C13A20002DD68 /* Kingfisher.framework */,
			);
			name = Frameworks;
			sourceTree = "<group>";
		};
		3A5EE0FF229F03B100CAFA52 /* Service */ = {
			isa = PBXGroup;
			children = (
				3AF6347B243F94B8000A48EE /* Endpoints */,
				3A5EE103229F045D00CAFA52 /* Environment.swift */,
			);
			path = Service;
			sourceTree = "<group>";
		};
		3A5EE102229F044000CAFA52 /* Utils */ = {
			isa = PBXGroup;
			children = (
				3A2F5939247ECF8B001F89BE /* ImageLoader */,
				3AF63484243FBBF3000A48EE /* TableViewModelDataSource.swift */,
				3A5EE13D229F140600CAFA52 /* Bindable.swift */,
				3AD284E423017D8400ABC801 /* Identifier.swift */,
				3A5EE111229F0D3E00CAFA52 /* Localized.swift */,
			);
			path = Utils;
			sourceTree = "<group>";
		};
		3A5EE109229F0BC200CAFA52 /* Protocols */ = {
			isa = PBXGroup;
			children = (
				3A5EE10A229F0BD100CAFA52 /* CoordinatorProtocols.swift */,
			);
			path = Protocols;
			sourceTree = "<group>";
		};
		3A5EE110229F0D2F00CAFA52 /* Extensions */ = {
			isa = PBXGroup;
			children = (
				3A5EE16B229FE70500CAFA52 /* DateFormatter+Extension.swift */,
				3A5EE18A22A0B63500CAFA52 /* Encodable+Extension.swift */,
				3A5EE19422A1291C00CAFA52 /* UIViewController+Extension.swift */,
				3A9CDA7922FC5BA900232D24 /* Sequence+Extension.swift */,
			);
			path = Extensions;
			sourceTree = "<group>";
		};
		3A5EE121229F0E9400CAFA52 /* Scenes */ = {
			isa = PBXGroup;
			children = (
				3A5EE143229F15EE00CAFA52 /* Home */,
			);
			path = Scenes;
			sourceTree = "<group>";
		};
		3A5EE143229F15EE00CAFA52 /* Home */ = {
			isa = PBXGroup;
			children = (
				3A5EE144229F15FB00CAFA52 /* HomeCoordinator.swift */,
				3A5EE145229F15FB00CAFA52 /* Event.swift */,
				3A5EE18722A09B1000CAFA52 /* List */,
				3A5EE17822A09A5100CAFA52 /* Detail */,
			);
			path = Home;
			sourceTree = "<group>";
		};
		3A5EE154229F175100CAFA52 /* Cell */ = {
			isa = PBXGroup;
			children = (
				3A5EE15B229F1A1D00CAFA52 /* HomeTableViewCell.swift */,
				3A5EE15C229F1A1D00CAFA52 /* HomeTableViewCell.xib */,
				3A5EE15F229F1A3300CAFA52 /* HomeCellViewModel.swift */,
			);
			path = Cell;
			sourceTree = "<group>";
		};
		3A5EE155229F17DC00CAFA52 /* Scenes */ = {
			isa = PBXGroup;
			children = (
				3A5EE166229F25E600CAFA52 /* Models */,
				3A5EE156229F17E900CAFA52 /* Home */,
			);
			path = Scenes;
			sourceTree = "<group>";
		};
		3A5EE156229F17E900CAFA52 /* Home */ = {
			isa = PBXGroup;
			children = (
				3A5EE19322A127EA00CAFA52 /* Detail */,
				3A5EE19222A127E500CAFA52 /* List */,
			);
			path = Home;
			sourceTree = "<group>";
		};
		3A5EE166229F25E600CAFA52 /* Models */ = {
			isa = PBXGroup;
			children = (
				3A4E8CC622EF118A002B0FA7 /* EventsStub.swift */,
			);
			path = Models;
			sourceTree = "<group>";
		};
		3A5EE16D229FE72600CAFA52 /* Extensions */ = {
			isa = PBXGroup;
			children = (
				3A5EE16E229FE73700CAFA52 /* DateFormatterTests.swift */,
				3A5EE19022A1268400CAFA52 /* EncodableTests.swift */,
				3A5EE19622A1296D00CAFA52 /* UIViewControllerTests.swift */,
			);
			path = Extensions;
			sourceTree = "<group>";
		};
		3A5EE17822A09A5100CAFA52 /* Detail */ = {
			isa = PBXGroup;
			children = (
				3A5EE17922A09A7B00CAFA52 /* EventDetailObject.swift */,
				3A5EE17C22A09A7B00CAFA52 /* EventDetailViewModel.swift */,
				3A5EE18322A09AA000CAFA52 /* EventDetailViewController.swift */,
				3A5EE18422A09AA000CAFA52 /* EventDetailViewController.xib */,
			);
			path = Detail;
			sourceTree = "<group>";
		};
		3A5EE18722A09B1000CAFA52 /* List */ = {
			isa = PBXGroup;
			children = (
				3A2F5934247ECF0C001F89BE /* SwiftUI */,
				3A5EE17222A0844D00CAFA52 /* HomeTableViewController.swift */,
				3A5EE148229F15FB00CAFA52 /* HomeViewModel.swift */,
				3A5EE17322A0844D00CAFA52 /* HomeTableViewController.xib */,
				3A5EE154229F175100CAFA52 /* Cell */,
			);
			path = List;
			sourceTree = "<group>";
		};
		3A5EE19222A127E500CAFA52 /* List */ = {
			isa = PBXGroup;
			children = (
				3A5EE17622A092A500CAFA52 /* HomeCellViewModelTests.swift */,
				3A3E6C0F22EF34700010CCD2 /* HomeServiceStub.swift */,
			);
			path = List;
			sourceTree = "<group>";
		};
		3A5EE19322A127EA00CAFA52 /* Detail */ = {
			isa = PBXGroup;
			children = (
				3A5EE19822A138D700CAFA52 /* EventDetailViewModelTests.swift */,
				3A5EE19A22A13C3B00CAFA52 /* EventDetailViewControllerTests.swift */,
				3A4E8CC422EF1072002B0FA7 /* EventDetailServiceStub.swift */,
				3A4E8CCB22EF1B63002B0FA7 /* EventDetailViewControllerMirror.swift */,
			);
			path = Detail;
			sourceTree = "<group>";
		};
		3AA657CD22EB8E4800A55A82 /* Mirror */ = {
			isa = PBXGroup;
			children = (
				3AA657CE22EB8E5700A55A82 /* MirrorObject.swift */,
			);
			path = Mirror;
			sourceTree = "<group>";
		};
		3AF23978230DB1990008F876 /* Config */ = {
			isa = PBXGroup;
			children = (
				3AF63480243FA309000A48EE /* Development.xcconfig */,
				3AF2397C230DB1B10008F876 /* .swiftlint.yml */,
				3AF2397B230DB1B10008F876 /* .travis.yml */,
				3AF2397A230DB1B10008F876 /* Cartfile */,
				3AF23979230DB1B10008F876 /* README.md */,
			);
			path = Config;
			sourceTree = "<group>";
		};
		3AF6347B243F94B8000A48EE /* Endpoints */ = {
			isa = PBXGroup;
			children = (
				3AF6347C243F94C9000A48EE /* EventsEndpoint.swift */,
				3AF6347E243F94D6000A48EE /* CheckInEndpoint.swift */,
			);
			path = Endpoints;
			sourceTree = "<group>";
		};
/* End PBXGroup section */

/* Begin PBXNativeTarget section */
		3A5EE0D2229EF7ED00CAFA52 /* WoopEvents */ = {
			isa = PBXNativeTarget;
			buildConfigurationList = 3A5EE0F0229EF7EE00CAFA52 /* Build configuration list for PBXNativeTarget "WoopEvents" */;
			buildPhases = (
				3AD284E72301931200ABC801 /* Log Build Time */,
				3A5EE0CF229EF7ED00CAFA52 /* Sources */,
				3A5EE0D0229EF7ED00CAFA52 /* Frameworks */,
				3A5EE0D1229EF7ED00CAFA52 /* Resources */,
				3A5EE0F6229EFBC900CAFA52 /* Swift Lint */,
				3AD284E82301935100ABC801 /* Log Build Time End */,
				3A53DDE4230B109C0002DD68 /* Embed Frameworks */,
				3A53DE81230C19420002DD68 /* Carthage */,
			);
			buildRules = (
			);
			dependencies = (
			);
			name = WoopEvents;
			packageProductDependencies = (
				3A3A50C0248E566100612F86 /* Networking */,
			);
			productName = WoopEvents;
			productReference = 3A5EE0D3229EF7ED00CAFA52 /* WoopEvents.app */;
			productType = "com.apple.product-type.application";
		};
		3A5EE0E6229EF7EE00CAFA52 /* WoopEventsTests */ = {
			isa = PBXNativeTarget;
			buildConfigurationList = 3A5EE0F3229EF7EE00CAFA52 /* Build configuration list for PBXNativeTarget "WoopEventsTests" */;
			buildPhases = (
				3A5EE0E3229EF7EE00CAFA52 /* Sources */,
				3A5EE0E4229EF7EE00CAFA52 /* Frameworks */,
				3A5EE0E5229EF7EE00CAFA52 /* Resources */,
				3A4EA9E82321A14A000C4EBA /* Carthage */,
			);
			buildRules = (
			);
			dependencies = (
				3A5EE0E9229EF7EE00CAFA52 /* PBXTargetDependency */,
			);
			name = WoopEventsTests;
			productName = WoopEventsTests;
			productReference = 3A5EE0E7229EF7EE00CAFA52 /* WoopEventsTests.xctest */;
			productType = "com.apple.product-type.bundle.unit-test";
		};
/* End PBXNativeTarget section */

/* Begin PBXProject section */
		3A5EE0CB229EF7ED00CAFA52 /* Project object */ = {
			isa = PBXProject;
			attributes = {
				LastSwiftUpdateCheck = 1030;
				LastUpgradeCheck = 1130;
				ORGANIZATIONNAME = FelipeP;
				TargetAttributes = {
					3A5EE0D2229EF7ED00CAFA52 = {
						CreatedOnToolsVersion = 10.2.1;
					};
					3A5EE0E6229EF7EE00CAFA52 = {
						CreatedOnToolsVersion = 10.2.1;
						TestTargetID = 3A5EE0D2229EF7ED00CAFA52;
					};
				};
			};
			buildConfigurationList = 3A5EE0CE229EF7ED00CAFA52 /* Build configuration list for PBXProject "WoopEvents" */;
			compatibilityVersion = "Xcode 9.3";
			developmentRegion = "pt-BR";
			hasScannedForEncodings = 0;
			knownRegions = (
				"pt-BR",
				Base,
			);
			mainGroup = 3A5EE0CA229EF7ED00CAFA52;
			productRefGroup = 3A5EE0D4229EF7ED00CAFA52 /* Products */;
			projectDirPath = "";
			projectRoot = "";
			targets = (
				3A5EE0D2229EF7ED00CAFA52 /* WoopEvents */,
				3A5EE0E6229EF7EE00CAFA52 /* WoopEventsTests */,
			);
		};
/* End PBXProject section */

/* Begin PBXResourcesBuildPhase section */
		3A5EE0D1229EF7ED00CAFA52 /* Resources */ = {
			isa = PBXResourcesBuildPhase;
			buildActionMask = 2147483647;
			files = (
				3AF23980230DB1B10008F876 /* .swiftlint.yml in Resources */,
				3AF63481243FB0EA000A48EE /* Localizable.strings in Resources */,
				3A040280233E4695000D879A /* Colors.xcassets in Resources */,
				3A5EE18622A09AA000CAFA52 /* EventDetailViewController.xib in Resources */,
				3AF2397E230DB1B10008F876 /* Cartfile in Resources */,
				3AF2397F230DB1B10008F876 /* .travis.yml in Resources */,
				3A5EE15E229F1A1D00CAFA52 /* HomeTableViewCell.xib in Resources */,
				3AF2397D230DB1B10008F876 /* README.md in Resources */,
				3A5EE17522A0844D00CAFA52 /* HomeTableViewController.xib in Resources */,
				3A5EE0DE229EF7EE00CAFA52 /* Assets.xcassets in Resources */,
			);
			runOnlyForDeploymentPostprocessing = 0;
		};
		3A5EE0E5229EF7EE00CAFA52 /* Resources */ = {
			isa = PBXResourcesBuildPhase;
			buildActionMask = 2147483647;
			files = (
			);
			runOnlyForDeploymentPostprocessing = 0;
		};
/* End PBXResourcesBuildPhase section */

/* Begin PBXShellScriptBuildPhase section */
		3A4EA9E82321A14A000C4EBA /* Carthage */ = {
			isa = PBXShellScriptBuildPhase;
			buildActionMask = 2147483647;
			files = (
			);
			inputFileListPaths = (
			);
			inputPaths = (
				"$(SRCROOT)/Carthage/Build/iOS/Quick.framework",
				"$(SRCROOT)/Carthage/Build/iOS/Nimble.framework",
			);
			name = Carthage;
			outputFileListPaths = (
			);
			outputPaths = (
			);
			runOnlyForDeploymentPostprocessing = 0;
			shellPath = /bin/sh;
			shellScript = "/usr/local/bin/carthage copy-frameworks\n";
		};
		3A53DE81230C19420002DD68 /* Carthage */ = {
			isa = PBXShellScriptBuildPhase;
			buildActionMask = 2147483647;
			files = (
			);
			inputFileListPaths = (
			);
			inputPaths = (
				"$(SRCROOT)/Carthage/Build/iOS/Kingfisher.framework",
			);
			name = Carthage;
			outputFileListPaths = (
			);
			outputPaths = (
				"$(BUILT_PRODUCTS_DIR)/$(FRAMEWORKS_FOLDER_PATH)/Kingfisher.framework",
			);
			runOnlyForDeploymentPostprocessing = 0;
			shellPath = /bin/sh;
			shellScript = "/usr/local/bin/carthage copy-frameworks\n";
		};
		3A5EE0F6229EFBC900CAFA52 /* Swift Lint */ = {
			isa = PBXShellScriptBuildPhase;
			buildActionMask = 2147483647;
			files = (
			);
			inputFileListPaths = (
			);
			inputPaths = (
			);
			name = "Swift Lint";
			outputFileListPaths = (
			);
			outputPaths = (
			);
			runOnlyForDeploymentPostprocessing = 0;
			shellPath = /bin/sh;
			shellScript = "if which swiftlint >/dev/null; then\n    swiftlint\nelse\n    echo \"warning: SwiftLint not installed, download from https://github.com/realm/SwiftLint\"\nfi\n";
		};
		3AD284E72301931200ABC801 /* Log Build Time */ = {
			isa = PBXShellScriptBuildPhase;
			buildActionMask = 12;
			files = (
			);
			inputFileListPaths = (
			);
			inputPaths = (
			);
			name = "Log Build Time";
			outputFileListPaths = (
			);
			outputPaths = (
			);
			runOnlyForDeploymentPostprocessing = 0;
			shellPath = /bin/sh;
			shellScript = "echo \"$(date +%s)\" > \"buildtimes.log\"\n";
		};
		3AD284E82301935100ABC801 /* Log Build Time End */ = {
			isa = PBXShellScriptBuildPhase;
			buildActionMask = 2147483647;
			files = (
			);
			inputFileListPaths = (
			);
			inputPaths = (
			);
			name = "Log Build Time End";
			outputFileListPaths = (
			);
			outputPaths = (
			);
			runOnlyForDeploymentPostprocessing = 0;
			shellPath = /bin/sh;
			shellScript = "startime=$(<buildtimes.log)\nendtime=$(date +%s)\ndeltatime=$((endtime-startime))\nnewline=$'\\n'\necho \"[Start] $startime$newline[End] $endtime$newline[Delta] $deltatime\" > \"buildtimes.log\"\n";
		};
/* End PBXShellScriptBuildPhase section */

/* Begin PBXSourcesBuildPhase section */
		3A5EE0CF229EF7ED00CAFA52 /* Sources */ = {
			isa = PBXSourcesBuildPhase;
			buildActionMask = 2147483647;
			files = (
				3A2F5932247EC958001F89BE /* SwiftUIView.swift in Sources */,
				3AF63486243FBBF3000A48EE /* TableViewModelDataSource.swift in Sources */,
				3A5EE13E229F140600CAFA52 /* Bindable.swift in Sources */,
				3AF239CE230DBC5A0008F876 /* Environment.swift in Sources */,
				3A5EE18B22A0B63500CAFA52 /* Encodable+Extension.swift in Sources */,
				3A5EE14E229F15FB00CAFA52 /* HomeViewModel.swift in Sources */,
				3A5EE15D229F1A1D00CAFA52 /* HomeTableViewCell.swift in Sources */,
				3A5EE17E22A09A7B00CAFA52 /* EventDetailObject.swift in Sources */,
				3A2F5941247ECF8B001F89BE /* AsyncImage.swift in Sources */,
				3A5EE10B229F0BD100CAFA52 /* CoordinatorProtocols.swift in Sources */,
				3A2F5936247ECF1B001F89BE /* EventRow.swift in Sources */,
				3AF6347D243F94C9000A48EE /* EventsEndpoint.swift in Sources */,
				3A5EE17422A0844D00CAFA52 /* HomeTableViewController.swift in Sources */,
				3A2F5933247ECEFA001F89BE /* StubbableProtocols.swift in Sources */,
				3AD284E523017D8400ABC801 /* Identifier.swift in Sources */,
				3A5EE14A229F15FB00CAFA52 /* HomeCoordinator.swift in Sources */,
				3A5EE19522A1291C00CAFA52 /* UIViewController+Extension.swift in Sources */,
				3A2F5942247ECF8B001F89BE /* ImageLoaderView.swift in Sources */,
				3A5EE18122A09A7B00CAFA52 /* EventDetailViewModel.swift in Sources */,
				3A5EE18522A09AA000CAFA52 /* EventDetailViewController.swift in Sources */,
				3A5EE14B229F15FB00CAFA52 /* Event.swift in Sources */,
				3A5EE160229F1A3300CAFA52 /* HomeCellViewModel.swift in Sources */,
				3AF239CF230DBC5A0008F876 /* Localized.swift in Sources */,
				3A5EE16C229FE70500CAFA52 /* DateFormatter+Extension.swift in Sources */,
				3A5EE0D7229EF7ED00CAFA52 /* AppDelegate.swift in Sources */,
				3A2F5940247ECF8B001F89BE /* ImageLoader.swift in Sources */,
				3A9CDA7A22FC5BA900232D24 /* Sequence+Extension.swift in Sources */,
				3A5EE123229F121300CAFA52 /* AppCoordinator.swift in Sources */,
				3A2F5944247ED018001F89BE /* EventsStub.swift in Sources */,
				3AF6347F243F94D6000A48EE /* CheckInEndpoint.swift in Sources */,
			);
			runOnlyForDeploymentPostprocessing = 0;
		};
		3A5EE0E3229EF7EE00CAFA52 /* Sources */ = {
			isa = PBXSourcesBuildPhase;
			buildActionMask = 2147483647;
			files = (
				3A420D8E231EEFE40066CFBE /* EventDetailViewModelTests.swift in Sources */,
				3A4EA9EC2321A291000C4EBA /* EventDetailViewControllerMirror.swift in Sources */,
				3AA657CF22EB8E5700A55A82 /* MirrorObject.swift in Sources */,
				3A9ECBFA2443766000F0DE50 /* HomeServiceStub.swift in Sources */,
				3A4EA9EB2321A28F000C4EBA /* EventDetailViewControllerTests.swift in Sources */,
				3A420D8D231EEFDE0066CFBE /* EventDetailServiceStub.swift in Sources */,
				3A5EE16F229FE73700CAFA52 /* DateFormatterTests.swift in Sources */,
				3A5EE19722A1296D00CAFA52 /* UIViewControllerTests.swift in Sources */,
				3A9ECBF92443766000F0DE50 /* HomeCellViewModelTests.swift in Sources */,
				3A5EE19122A1268400CAFA52 /* EncodableTests.swift in Sources */,
			);
			runOnlyForDeploymentPostprocessing = 0;
		};
/* End PBXSourcesBuildPhase section */

/* Begin PBXTargetDependency section */
		3A5EE0E9229EF7EE00CAFA52 /* PBXTargetDependency */ = {
			isa = PBXTargetDependency;
			target = 3A5EE0D2229EF7ED00CAFA52 /* WoopEvents */;
			targetProxy = 3A5EE0E8229EF7EE00CAFA52 /* PBXContainerItemProxy */;
		};
/* End PBXTargetDependency section */

/* Begin PBXVariantGroup section */
		3AF63483243FB0EA000A48EE /* Localizable.strings */ = {
			isa = PBXVariantGroup;
			children = (
				3AF63482243FB0EA000A48EE /* pt-BR */,
			);
			name = Localizable.strings;
			sourceTree = "<group>";
		};
/* End PBXVariantGroup section */

/* Begin XCBuildConfiguration section */
		3A5EE0EE229EF7EE00CAFA52 /* Debug */ = {
			isa = XCBuildConfiguration;
			buildSettings = {
				ALWAYS_SEARCH_USER_PATHS = NO;
				CLANG_ANALYZER_LOCALIZABILITY_NONLOCALIZED = YES;
				CLANG_ANALYZER_NONNULL = YES;
				CLANG_ANALYZER_NUMBER_OBJECT_CONVERSION = YES_AGGRESSIVE;
				CLANG_CXX_LANGUAGE_STANDARD = "gnu++14";
				CLANG_CXX_LIBRARY = "libc++";
				CLANG_ENABLE_MODULES = YES;
				CLANG_ENABLE_OBJC_ARC = YES;
				CLANG_ENABLE_OBJC_WEAK = YES;
				CLANG_WARN_BLOCK_CAPTURE_AUTORELEASING = YES;
				CLANG_WARN_BOOL_CONVERSION = YES;
				CLANG_WARN_COMMA = YES;
				CLANG_WARN_CONSTANT_CONVERSION = YES;
				CLANG_WARN_DEPRECATED_OBJC_IMPLEMENTATIONS = YES;
				CLANG_WARN_DIRECT_OBJC_ISA_USAGE = YES_ERROR;
				CLANG_WARN_DOCUMENTATION_COMMENTS = YES;
				CLANG_WARN_EMPTY_BODY = YES;
				CLANG_WARN_ENUM_CONVERSION = YES;
				CLANG_WARN_INFINITE_RECURSION = YES;
				CLANG_WARN_INT_CONVERSION = YES;
				CLANG_WARN_NON_LITERAL_NULL_CONVERSION = YES;
				CLANG_WARN_OBJC_IMPLICIT_RETAIN_SELF = YES;
				CLANG_WARN_OBJC_LITERAL_CONVERSION = YES;
				CLANG_WARN_OBJC_ROOT_CLASS = YES_ERROR;
				CLANG_WARN_RANGE_LOOP_ANALYSIS = YES;
				CLANG_WARN_STRICT_PROTOTYPES = YES;
				CLANG_WARN_SUSPICIOUS_MOVE = YES;
				CLANG_WARN_UNGUARDED_AVAILABILITY = YES_AGGRESSIVE;
				CLANG_WARN_UNREACHABLE_CODE = YES;
				CLANG_WARN__DUPLICATE_METHOD_MATCH = YES;
				CODE_SIGN_IDENTITY = "iPhone Developer";
				COPY_PHASE_STRIP = NO;
				DEBUG_INFORMATION_FORMAT = dwarf;
				ENABLE_STRICT_OBJC_MSGSEND = YES;
				ENABLE_TESTABILITY = YES;
				GCC_C_LANGUAGE_STANDARD = gnu11;
				GCC_DYNAMIC_NO_PIC = NO;
				GCC_NO_COMMON_BLOCKS = YES;
				GCC_OPTIMIZATION_LEVEL = 0;
				GCC_PREPROCESSOR_DEFINITIONS = (
					"DEBUG=1",
					"$(inherited)",
				);
				GCC_WARN_64_TO_32_BIT_CONVERSION = YES;
				GCC_WARN_ABOUT_RETURN_TYPE = YES_ERROR;
				GCC_WARN_UNDECLARED_SELECTOR = YES;
				GCC_WARN_UNINITIALIZED_AUTOS = YES_AGGRESSIVE;
				GCC_WARN_UNUSED_FUNCTION = YES;
				GCC_WARN_UNUSED_VARIABLE = YES;
				IPHONEOS_DEPLOYMENT_TARGET = 11.0;
				MTL_ENABLE_DEBUG_INFO = INCLUDE_SOURCE;
				MTL_FAST_MATH = YES;
				ONLY_ACTIVE_ARCH = YES;
				SDKROOT = iphoneos;
				SWIFT_ACTIVE_COMPILATION_CONDITIONS = DEBUG;
				SWIFT_OPTIMIZATION_LEVEL = "-Onone";
			};
			name = Debug;
		};
		3A5EE0EF229EF7EE00CAFA52 /* Release */ = {
			isa = XCBuildConfiguration;
			buildSettings = {
				ALWAYS_SEARCH_USER_PATHS = NO;
				CLANG_ANALYZER_LOCALIZABILITY_NONLOCALIZED = YES;
				CLANG_ANALYZER_NONNULL = YES;
				CLANG_ANALYZER_NUMBER_OBJECT_CONVERSION = YES_AGGRESSIVE;
				CLANG_CXX_LANGUAGE_STANDARD = "gnu++14";
				CLANG_CXX_LIBRARY = "libc++";
				CLANG_ENABLE_MODULES = YES;
				CLANG_ENABLE_OBJC_ARC = YES;
				CLANG_ENABLE_OBJC_WEAK = YES;
				CLANG_WARN_BLOCK_CAPTURE_AUTORELEASING = YES;
				CLANG_WARN_BOOL_CONVERSION = YES;
				CLANG_WARN_COMMA = YES;
				CLANG_WARN_CONSTANT_CONVERSION = YES;
				CLANG_WARN_DEPRECATED_OBJC_IMPLEMENTATIONS = YES;
				CLANG_WARN_DIRECT_OBJC_ISA_USAGE = YES_ERROR;
				CLANG_WARN_DOCUMENTATION_COMMENTS = YES;
				CLANG_WARN_EMPTY_BODY = YES;
				CLANG_WARN_ENUM_CONVERSION = YES;
				CLANG_WARN_INFINITE_RECURSION = YES;
				CLANG_WARN_INT_CONVERSION = YES;
				CLANG_WARN_NON_LITERAL_NULL_CONVERSION = YES;
				CLANG_WARN_OBJC_IMPLICIT_RETAIN_SELF = YES;
				CLANG_WARN_OBJC_LITERAL_CONVERSION = YES;
				CLANG_WARN_OBJC_ROOT_CLASS = YES_ERROR;
				CLANG_WARN_RANGE_LOOP_ANALYSIS = YES;
				CLANG_WARN_STRICT_PROTOTYPES = YES;
				CLANG_WARN_SUSPICIOUS_MOVE = YES;
				CLANG_WARN_UNGUARDED_AVAILABILITY = YES_AGGRESSIVE;
				CLANG_WARN_UNREACHABLE_CODE = YES;
				CLANG_WARN__DUPLICATE_METHOD_MATCH = YES;
				CODE_SIGN_IDENTITY = "iPhone Developer";
				COPY_PHASE_STRIP = NO;
				DEBUG_INFORMATION_FORMAT = "dwarf-with-dsym";
				ENABLE_NS_ASSERTIONS = NO;
				ENABLE_STRICT_OBJC_MSGSEND = YES;
				GCC_C_LANGUAGE_STANDARD = gnu11;
				GCC_NO_COMMON_BLOCKS = YES;
				GCC_WARN_64_TO_32_BIT_CONVERSION = YES;
				GCC_WARN_ABOUT_RETURN_TYPE = YES_ERROR;
				GCC_WARN_UNDECLARED_SELECTOR = YES;
				GCC_WARN_UNINITIALIZED_AUTOS = YES_AGGRESSIVE;
				GCC_WARN_UNUSED_FUNCTION = YES;
				GCC_WARN_UNUSED_VARIABLE = YES;
				IPHONEOS_DEPLOYMENT_TARGET = 11.0;
				MTL_ENABLE_DEBUG_INFO = NO;
				MTL_FAST_MATH = YES;
				SDKROOT = iphoneos;
				SWIFT_COMPILATION_MODE = wholemodule;
				SWIFT_OPTIMIZATION_LEVEL = "-O";
				VALIDATE_PRODUCT = YES;
			};
			name = Release;
		};
		3A5EE0F1229EF7EE00CAFA52 /* Debug */ = {
			isa = XCBuildConfiguration;
			baseConfigurationReference = 3AF63480243FA309000A48EE /* Development.xcconfig */;
			buildSettings = {
				ASSETCATALOG_COMPILER_APPICON_NAME = AppIcon;
				CODE_SIGN_STYLE = Automatic;
				DEVELOPMENT_TEAM = URRPC4687U;
				FRAMEWORK_SEARCH_PATHS = (
					"$(inherited)",
					"$(PROJECT_DIR)/Carthage/Build/iOS",
				);
				INFOPLIST_FILE = WoopEvents/Info.plist;
				IPHONEOS_DEPLOYMENT_TARGET = 13.0;
				LD_RUNPATH_SEARCH_PATHS = (
					/usr/lib/swift,
					"$(inherited)",
					"@executable_path/Frameworks",
				);
				OTHER_LDFLAGS = "";
				OTHER_SWIFT_FLAGS = "-Xfrontend -warn-long-function-bodies=100 -Xfrontend -warn-long-expression-type-checking=80";
				PRODUCT_BUNDLE_IDENTIFIER = br.com.felipep.WoopEvents;
				PRODUCT_NAME = "$(TARGET_NAME)";
				SWIFT_VERSION = 5.0;
				TARGETED_DEVICE_FAMILY = "1,2";
			};
			name = Debug;
		};
		3A5EE0F2229EF7EE00CAFA52 /* Release */ = {
			isa = XCBuildConfiguration;
			buildSettings = {
				ASSETCATALOG_COMPILER_APPICON_NAME = AppIcon;
				CODE_SIGN_STYLE = Automatic;
				DEVELOPMENT_TEAM = URRPC4687U;
				FRAMEWORK_SEARCH_PATHS = (
					"$(inherited)",
					"$(PROJECT_DIR)/Carthage/Build/iOS",
				);
				INFOPLIST_FILE = WoopEvents/Info.plist;
				IPHONEOS_DEPLOYMENT_TARGET = 12.0;
				LD_RUNPATH_SEARCH_PATHS = (
					/usr/lib/swift,
					"$(inherited)",
					"@executable_path/Frameworks",
				);
				OTHER_LDFLAGS = "";
				OTHER_SWIFT_FLAGS = "-Xfrontend -warn-long-function-bodies=100 -Xfrontend -warn-long-expression-type-checking=80";
				PRODUCT_BUNDLE_IDENTIFIER = br.com.felipep.WoopEvents;
				PRODUCT_NAME = "$(TARGET_NAME)";
				SWIFT_VERSION = 5.0;
				TARGETED_DEVICE_FAMILY = "1,2";
			};
			name = Release;
		};
		3A5EE0F4229EF7EE00CAFA52 /* Debug */ = {
			isa = XCBuildConfiguration;
			baseConfigurationReference = 3AF63480243FA309000A48EE /* Development.xcconfig */;
			buildSettings = {
				ALWAYS_EMBED_SWIFT_STANDARD_LIBRARIES = YES;
				BUNDLE_LOADER = "$(TEST_HOST)";
				CODE_SIGN_STYLE = Automatic;
				FRAMEWORK_SEARCH_PATHS = (
					"$(inherited)",
					"$(PROJECT_DIR)/Carthage/Build/iOS",
				);
				INFOPLIST_FILE = WoopEventsTests/Info.plist;
				IPHONEOS_DEPLOYMENT_TARGET = 13.0;
				LD_RUNPATH_SEARCH_PATHS = (
					"$(inherited)",
					"@executable_path/Frameworks",
					"@loader_path/Frameworks",
				);
				PRODUCT_BUNDLE_IDENTIFIER = br.com.felipep.WoopEventsTests;
				PRODUCT_NAME = "$(TARGET_NAME)";
				SWIFT_VERSION = 5.0;
				TARGETED_DEVICE_FAMILY = "1,2";
				TEST_HOST = "$(BUILT_PRODUCTS_DIR)/WoopEvents.app/WoopEvents";
			};
			name = Debug;
		};
		3A5EE0F5229EF7EE00CAFA52 /* Release */ = {
			isa = XCBuildConfiguration;
			buildSettings = {
				ALWAYS_EMBED_SWIFT_STANDARD_LIBRARIES = YES;
				BUNDLE_LOADER = "$(TEST_HOST)";
				CODE_SIGN_STYLE = Automatic;
				FRAMEWORK_SEARCH_PATHS = (
					"$(inherited)",
					"$(PROJECT_DIR)/Carthage/Build/iOS",
				);
				INFOPLIST_FILE = WoopEventsTests/Info.plist;
				IPHONEOS_DEPLOYMENT_TARGET = 12.0;
				LD_RUNPATH_SEARCH_PATHS = (
					"$(inherited)",
					"@executable_path/Frameworks",
					"@loader_path/Frameworks",
				);
				PRODUCT_BUNDLE_IDENTIFIER = br.com.felipep.WoopEventsTests;
				PRODUCT_NAME = "$(TARGET_NAME)";
				SWIFT_VERSION = 5.0;
				TARGETED_DEVICE_FAMILY = "1,2";
				TEST_HOST = "$(BUILT_PRODUCTS_DIR)/WoopEvents.app/WoopEvents";
			};
			name = Release;
		};
/* End XCBuildConfiguration section */

/* Begin XCConfigurationList section */
		3A5EE0CE229EF7ED00CAFA52 /* Build configuration list for PBXProject "WoopEvents" */ = {
			isa = XCConfigurationList;
			buildConfigurations = (
				3A5EE0EE229EF7EE00CAFA52 /* Debug */,
				3A5EE0EF229EF7EE00CAFA52 /* Release */,
			);
			defaultConfigurationIsVisible = 0;
			defaultConfigurationName = Release;
		};
		3A5EE0F0229EF7EE00CAFA52 /* Build configuration list for PBXNativeTarget "WoopEvents" */ = {
			isa = XCConfigurationList;
			buildConfigurations = (
				3A5EE0F1229EF7EE00CAFA52 /* Debug */,
				3A5EE0F2229EF7EE00CAFA52 /* Release */,
			);
			defaultConfigurationIsVisible = 0;
			defaultConfigurationName = Release;
		};
		3A5EE0F3229EF7EE00CAFA52 /* Build configuration list for PBXNativeTarget "WoopEventsTests" */ = {
			isa = XCConfigurationList;
			buildConfigurations = (
				3A5EE0F4229EF7EE00CAFA52 /* Debug */,
				3A5EE0F5229EF7EE00CAFA52 /* Release */,
			);
			defaultConfigurationIsVisible = 0;
			defaultConfigurationName = Release;
		};
/* End XCConfigurationList section */

/* Begin XCSwiftPackageProductDependency section */
		3A3A50C0248E566100612F86 /* Networking */ = {
			isa = XCSwiftPackageProductDependency;
			productName = Networking;
		};
/* End XCSwiftPackageProductDependency section */
	};
	rootObject = 3A5EE0CB229EF7ED00CAFA52 /* Project object */;
}
